{
  "version": 1,
  "dependencies": {
    "net10.0": {
      "Dapr.AspNetCore": {
        "type": "Direct",
        "requested": "[1.17.7, )",
        "resolved": "1.17.7",
        "contentHash": "yRXbCjQQ+Mm5wtCVfwzsIb8eliS16ekUQzGqdepW9LkfK5gdESyM4V1/ZijvmiFJEBJgXCCiX4rp0RK4LaMaRQ==",
        "dependencies": {
          "Dapr.Client": "1.17.7",
          "Dapr.Common": "1.17.7",
          "Google.Api.CommonProtos": "2.17.0",
          "Google.Protobuf": "3.34.0",
          "Grpc.Net.Client": "2.76.0"
        }
      },
      "Dapr.Client": {
        "type": "Direct",
        "requested": "[1.17.7, )",
        "resolved": "1.17.7",
        "contentHash": "YGA46q/Qr4VupRGTx3VHph3puXqYrcV4twzDBsx4r9Gm2enrOyHjR/CF+oNqaGW9EfNd26ceMcR295FqPKqEIQ==",
        "dependencies": {
          "Dapr.Common": "1.17.7",
          "Dapr.Protos": "1.17.7",
          "Google.Api.CommonProtos": "2.17.0",
          "Google.Protobuf": "3.34.0",
          "Grpc.Net.Client": "2.76.0"
        }
      },
      "Dapr.Common": {
        "type": "Transitive",
        "resolved": "1.17.7",
        "contentHash": "08tSD6hBqGUq8hUdqrLmcwtMRsEwKAuxXqC3pgAJtyUIxP8xbmYUP2tv6us8oRNYQSr/vMP4hlfb9NGk+34j9Q==",
        "dependencies": {
          "Dapr.Protos": "1.17.7",
          "Google.Api.CommonProtos": "2.17.0",
          "Google.Protobuf": "3.34.0",
          "Grpc.Net.Client": "2.76.0"
        }
      },
      "Dapr.Protos": {
        "type": "Transitive",
        "resolved": "1.17.7",
        "contentHash": "jKU/tbkmh29z+hnNGuisgaD233zjOcf1IAnbRL1Oovt6ryMZemiBpnrtcpOOEnCroCx5kBbJVAKwQqIdQiU97A==",
        "dependencies": {
          "Google.Api.CommonProtos": "2.17.0",
          "Google.Protobuf": "3.34.0",
          "Grpc.Net.Client": "2.76.0"
        }
      },
      "Google.Api.CommonProtos": {
        "type": "Transitive",
        "resolved": "2.17.0",
        "contentHash": "elfQPknFr495hm7vdy6ZlgyQh6yzZq9TU7sS35L/Fj/fqjM/mUGau9gVJLhvQEtUlPjtR80hpn/m9HvBMyCXIw==",
        "dependencies": {
          "Google.Protobuf": "[3.31.1, 4.0.0]"
        }
      },
      "Google.Protobuf": {
        "type": "Transitive",
        "resolved": "3.34.0",
        "contentHash": "a5US9akiNczS5kC7qBqYqJmnxHVQDITZD6GRRbwGHk/oa17EwOGE3PHIWFVeHTqCctq8mVjLSelwsxCkYYBinA=="
      },
      "Grpc.Core.Api": {
        "type": "Transitive",
        "resolved": "2.76.0",
        "contentHash": "cSxC2tdnFdXXuBgIn1pjc4YBx7LXTCp4M0qn+SMBS35VWZY+cEQYLWTBDDhdBH1HzU7BV+ncVZlniGQHMpRJKQ=="
      },
      "Grpc.Net.Client": {
        "type": "Transitive",
        "resolved": "2.76.0",
        "contentHash": "K1oldmqw2+Gn69nGRzZLhqSiUZwelX1GrBu/cUl9wNf1C0uB61vFS6JcxUUv9P8VoUJhFsmV44JA6lI2EUt4xw==",
        "dependencies": {
          "Grpc.Net.Common": "2.76.0"
        }
      },
      "Grpc.Net.Common": {
        "type": "Transitive",
        "resolved": "2.76.0",
        "contentHash": "bZpiMVYgvpB44/wBh1RotrkqC7bg2FOasLri2GhR3hMKyzsiTxCoDE49YjPrJeFc4RW0wS8u+EInI09sjxVFRA==",
        "dependencies": {
          "Grpc.Core.Api": "2.76.0"
        }
      },
      "models": {
        "type": "Project"
      }
    }
  }
}